
Microsoft Visual Studio Solution File, Format Version 12.00
# Visual Studio 15
VisualStudioVersion = 15.0.28010.2050
MinimumVisualStudioVersion = 10.0.40219.1
Project("{FAE04EC0-301F-11D3-BF4B-00C04F79EFBC}") = "ConsoleApp2", "ConsoleApp2\ConsoleApp2.csproj", "{120DFCC9-4B6F-43E4-AF2F-9B861B38A811}"
EndProject
Global
	GlobalSection(SolutionConfigurationPlatforms) = preSolution
		Debug|Any CPU = Debug|Any CPU
		Release|Any CPU = Release|Any CPU
	EndGlobalSection
	GlobalSection(ProjectConfigurationPlatforms) = postSolution
		{120DFCC9-4B6F-43E4-AF2F-9B861B38A811}.Debug|Any CPU.ActiveCfg = Debug|Any CPU
		{120DFCC9-4B6F-43E4-AF2F-9B861B38A811}.Debug|Any CPU.Build.0 = Debug|Any CPU
		{120DFCC9-4B6F-43E4-AF2F-9B861B38A811}.Release|Any CPU.ActiveCfg = Release|Any CPU
		{120DFCC9-4B6F-43E4-AF2F-9B861B38A811}.Release|Any CPU.Build.0 = Release|Any CPU
	EndGlobalSection
	GlobalSection(SolutionProperties) = preSolution
		HideSolutionNode = FALSE
	EndGlobalSection
	GlobalSection(ExtensibilityGlobals) = postSolution
		SolutionGuid = {3E17A2E4-2AF3-42A2-8389-20A65D1A16D0}
	EndGlobalSection
EndGlobal
